// !$*UTF8*$!
{
	archiveVersion = 1;
	classes = {
	};
	objectVersion = 55;
	objects = {

/* Begin PBXBuildFile section */
		A05286205E8242AE1F963C9B /* Pods_Summar_SwiftUI.framework in Frameworks */ = {isa = PBXBuildFile; fileRef = 236618DA8115954769A6EB62 /* Pods_Summar_SwiftUI.framework */; };
		A26159F829223B26003A8CF8 /* Summar_SwiftUIApp.swift in Sources */ = {isa = PBXBuildFile; fileRef = A26159F729223B26003A8CF8 /* Summar_SwiftUIApp.swift */; };
		A26159FA29223B26003A8CF8 /* SocailLoginView.swift in Sources */ = {isa = PBXBuildFile; fileRef = A26159F929223B26003A8CF8 /* SocailLoginView.swift */; };
		A26159FC29223B28003A8CF8 /* Assets.xcassets in Resources */ = {isa = PBXBuildFile; fileRef = A26159FB29223B28003A8CF8 /* Assets.xcassets */; };
		A26159FF29223B28003A8CF8 /* Preview Assets.xcassets in Resources */ = {isa = PBXBuildFile; fileRef = A26159FE29223B28003A8CF8 /* Preview Assets.xcassets */; };
		A2615A06292274FE003A8CF8 /* Helper.swift in Sources */ = {isa = PBXBuildFile; fileRef = A2615A05292274FD003A8CF8 /* Helper.swift */; };
		A284CB862923C01100576FC8 /* SocialLoginViewModel.swift in Sources */ = {isa = PBXBuildFile; fileRef = A284CB852923C01100576FC8 /* SocialLoginViewModel.swift */; };
		A2A715052923D28B00E90077 /* AppleLoginManager.swift in Sources */ = {isa = PBXBuildFile; fileRef = A2A715042923D28B00E90077 /* AppleLoginManager.swift */; };
		A2A715072923D31400E90077 /* GoogleLoginManager.swift in Sources */ = {isa = PBXBuildFile; fileRef = A2A715062923D31400E90077 /* GoogleLoginManager.swift */; };
		A2A715092923D31E00E90077 /* KakaoLoginManager.swift in Sources */ = {isa = PBXBuildFile; fileRef = A2A715082923D31E00E90077 /* KakaoLoginManager.swift */; };
		A2A7150B2923D32800E90077 /* NaverLoginManager.swift in Sources */ = {isa = PBXBuildFile; fileRef = A2A7150A2923D32800E90077 /* NaverLoginManager.swift */; };
/* End PBXBuildFile section */

/* Begin PBXFileReference section */
		236618DA8115954769A6EB62 /* Pods_Summar_SwiftUI.framework */ = {isa = PBXFileReference; explicitFileType = wrapper.framework; includeInIndex = 0; path = Pods_Summar_SwiftUI.framework; sourceTree = BUILT_PRODUCTS_DIR; };
		674FD85D8716AECC71E35B1E /* Pods-Summar SwiftUI.release.xcconfig */ = {isa = PBXFileReference; includeInIndex = 1; lastKnownFileType = text.xcconfig; name = "Pods-Summar SwiftUI.release.xcconfig"; path = "Target Support Files/Pods-Summar SwiftUI/Pods-Summar SwiftUI.release.xcconfig"; sourceTree = "<group>"; };
		A26159F429223B26003A8CF8 /* Summar SwiftUI.app */ = {isa = PBXFileReference; explicitFileType = wrapper.application; includeInIndex = 0; path = "Summar SwiftUI.app"; sourceTree = BUILT_PRODUCTS_DIR; };
		A26159F729223B26003A8CF8 /* Summar_SwiftUIApp.swift */ = {isa = PBXFileReference; lastKnownFileType = sourcecode.swift; path = Summar_SwiftUIApp.swift; sourceTree = "<group>"; };
		A26159F929223B26003A8CF8 /* SocailLoginView.swift */ = {isa = PBXFileReference; lastKnownFileType = sourcecode.swift; path = SocailLoginView.swift; sourceTree = "<group>"; };
		A26159FB29223B28003A8CF8 /* Assets.xcassets */ = {isa = PBXFileReference; lastKnownFileType = folder.assetcatalog; path = Assets.xcassets; sourceTree = "<group>"; };
		A26159FE29223B28003A8CF8 /* Preview Assets.xcassets */ = {isa = PBXFileReference; lastKnownFileType = folder.assetcatalog; path = "Preview Assets.xcassets"; sourceTree = "<group>"; };
		A2615A05292274FD003A8CF8 /* Helper.swift */ = {isa = PBXFileReference; lastKnownFileType = sourcecode.swift; path = Helper.swift; sourceTree = "<group>"; };
		A284CB852923C01100576FC8 /* SocialLoginViewModel.swift */ = {isa = PBXFileReference; lastKnownFileType = sourcecode.swift; path = SocialLoginViewModel.swift; sourceTree = "<group>"; };
		A2A715042923D28B00E90077 /* AppleLoginManager.swift */ = {isa = PBXFileReference; lastKnownFileType = sourcecode.swift; path = AppleLoginManager.swift; sourceTree = "<group>"; };
		A2A715062923D31400E90077 /* GoogleLoginManager.swift */ = {isa = PBXFileReference; lastKnownFileType = sourcecode.swift; path = GoogleLoginManager.swift; sourceTree = "<group>"; };
		A2A715082923D31E00E90077 /* KakaoLoginManager.swift */ = {isa = PBXFileReference; lastKnownFileType = sourcecode.swift; path = KakaoLoginManager.swift; sourceTree = "<group>"; };
		A2A7150A2923D32800E90077 /* NaverLoginManager.swift */ = {isa = PBXFileReference; lastKnownFileType = sourcecode.swift; path = NaverLoginManager.swift; sourceTree = "<group>"; };
		FBB3CDDBA9FCCAC4BDFB0F61 /* Pods-Summar SwiftUI.debug.xcconfig */ = {isa = PBXFileReference; includeInIndex = 1; lastKnownFileType = text.xcconfig; name = "Pods-Summar SwiftUI.debug.xcconfig"; path = "Target Support Files/Pods-Summar SwiftUI/Pods-Summar SwiftUI.debug.xcconfig"; sourceTree = "<group>"; };
/* End PBXFileReference section */

/* Begin PBXFrameworksBuildPhase section */
		A26159F129223B26003A8CF8 /* Frameworks */ = {
			isa = PBXFrameworksBuildPhase;
			buildActionMask = 2147483647;
			files = (
				A05286205E8242AE1F963C9B /* Pods_Summar_SwiftUI.framework in Frameworks */,
			);
			runOnlyForDeploymentPostprocessing = 0;
		};
/* End PBXFrameworksBuildPhase section */

/* Begin PBXGroup section */
		310C3274D33EEF4FDF7A9826 /* Frameworks */ = {
			isa = PBXGroup;
			children = (
				236618DA8115954769A6EB62 /* Pods_Summar_SwiftUI.framework */,
			);
			name = Frameworks;
			sourceTree = "<group>";
		};
		A26159EB29223B26003A8CF8 = {
			isa = PBXGroup;
			children = (
				A26159F629223B26003A8CF8 /* Summar SwiftUI */,
				A26159F529223B26003A8CF8 /* Products */,
				E3DE942ACAF1A28993CFE931 /* Pods */,
				310C3274D33EEF4FDF7A9826 /* Frameworks */,
			);
			sourceTree = "<group>";
		};
		A26159F529223B26003A8CF8 /* Products */ = {
			isa = PBXGroup;
			children = (
				A26159F429223B26003A8CF8 /* Summar SwiftUI.app */,
			);
			name = Products;
			sourceTree = "<group>";
		};
		A26159F629223B26003A8CF8 /* Summar SwiftUI */ = {
			isa = PBXGroup;
			children = (
				A26159F729223B26003A8CF8 /* Summar_SwiftUIApp.swift */,
				A2A714FF2923D11100E90077 /* SocialLoginManager */,
				A284CB872923C2EF00576FC8 /* SocailLogin */,
				A26159FB29223B28003A8CF8 /* Assets.xcassets */,
				A26159FD29223B28003A8CF8 /* Preview Content */,
				A2615A05292274FD003A8CF8 /* Helper.swift */,
			);
			path = "Summar SwiftUI";
			sourceTree = "<group>";
		};
		A26159FD29223B28003A8CF8 /* Preview Content */ = {
			isa = PBXGroup;
			children = (
				A26159FE29223B28003A8CF8 /* Preview Assets.xcassets */,
			);
			path = "Preview Content";
			sourceTree = "<group>";
		};
		A284CB872923C2EF00576FC8 /* SocailLogin */ = {
			isa = PBXGroup;
			children = (
				A26159F929223B26003A8CF8 /* SocailLoginView.swift */,
				A284CB852923C01100576FC8 /* SocialLoginViewModel.swift */,
			);
			path = SocailLogin;
			sourceTree = "<group>";
		};
		A2A714FF2923D11100E90077 /* SocialLoginManager */ = {
			isa = PBXGroup;
			children = (
				A2A715042923D28B00E90077 /* AppleLoginManager.swift */,
				A2A715062923D31400E90077 /* GoogleLoginManager.swift */,
				A2A715082923D31E00E90077 /* KakaoLoginManager.swift */,
				A2A7150A2923D32800E90077 /* NaverLoginManager.swift */,
			);
			path = SocialLoginManager;
			sourceTree = "<group>";
		};
		E3DE942ACAF1A28993CFE931 /* Pods */ = {
			isa = PBXGroup;
			children = (
				FBB3CDDBA9FCCAC4BDFB0F61 /* Pods-Summar SwiftUI.debug.xcconfig */,
				674FD85D8716AECC71E35B1E /* Pods-Summar SwiftUI.release.xcconfig */,
			);
			path = Pods;
			sourceTree = "<group>";
		};
/* End PBXGroup section */

/* Begin PBXNativeTarget section */
		A26159F329223B26003A8CF8 /* Summar SwiftUI */ = {
			isa = PBXNativeTarget;
			buildConfigurationList = A2615A0229223B28003A8CF8 /* Build configuration list for PBXNativeTarget "Summar SwiftUI" */;
			buildPhases = (
				FA090DE5FEBA033E664C8C6A /* [CP] Check Pods Manifest.lock */,
				A26159F029223B26003A8CF8 /* Sources */,
				A26159F129223B26003A8CF8 /* Frameworks */,
				A26159F229223B26003A8CF8 /* Resources */,
				E45D4ED82FE9427012A6D7ED /* [CP] Embed Pods Frameworks */,
			);
			buildRules = (
			);
			dependencies = (
			);
			name = "Summar SwiftUI";
			productName = "Summar SwiftUI";
			productReference = A26159F429223B26003A8CF8 /* Summar SwiftUI.app */;
			productType = "com.apple.product-type.application";
		};
/* End PBXNativeTarget section */

/* Begin PBXProject section */
		A26159EC29223B26003A8CF8 /* Project object */ = {
			isa = PBXProject;
			attributes = {
				BuildIndependentTargetsInParallel = 1;
				LastSwiftUpdateCheck = 1400;
				LastUpgradeCheck = 1400;
				TargetAttributes = {
					A26159F329223B26003A8CF8 = {
						CreatedOnToolsVersion = 14.0;
					};
				};
			};
			buildConfigurationList = A26159EF29223B26003A8CF8 /* Build configuration list for PBXProject "Summar SwiftUI" */;
			compatibilityVersion = "Xcode 13.0";
			developmentRegion = en;
			hasScannedForEncodings = 0;
			knownRegions = (
				en,
				Base,
			);
			mainGroup = A26159EB29223B26003A8CF8;
			productRefGroup = A26159F529223B26003A8CF8 /* Products */;
			projectDirPath = "";
			projectRoot = "";
			targets = (
				A26159F329223B26003A8CF8 /* Summar SwiftUI */,
			);
		};
/* End PBXProject section */

/* Begin PBXResourcesBuildPhase section */
		A26159F229223B26003A8CF8 /* Resources */ = {
			isa = PBXResourcesBuildPhase;
			buildActionMask = 2147483647;
			files = (
				A26159FF29223B28003A8CF8 /* Preview Assets.xcassets in Resources */,
				A26159FC29223B28003A8CF8 /* Assets.xcassets in Resources */,
			);
			runOnlyForDeploymentPostprocessing = 0;
		};
/* End PBXResourcesBuildPhase section */

/* Begin PBXShellScriptBuildPhase section */
		E45D4ED82FE9427012A6D7ED /* [CP] Embed Pods Frameworks */ = {
			isa = PBXShellScriptBuildPhase;
			buildActionMask = 2147483647;
			files = (
			);
			inputFileListPaths = (
				"${PODS_ROOT}/Target Support Files/Pods-Summar SwiftUI/Pods-Summar SwiftUI-frameworks-${CONFIGURATION}-input-files.xcfilelist",
			);
			name = "[CP] Embed Pods Frameworks";
			outputFileListPaths = (
				"${PODS_ROOT}/Target Support Files/Pods-Summar SwiftUI/Pods-Summar SwiftUI-frameworks-${CONFIGURATION}-output-files.xcfilelist",
			);
			runOnlyForDeploymentPostprocessing = 0;
			shellPath = /bin/sh;
			shellScript = "\"${PODS_ROOT}/Target Support Files/Pods-Summar SwiftUI/Pods-Summar SwiftUI-frameworks.sh\"\n";
			showEnvVarsInLog = 0;
		};
		FA090DE5FEBA033E664C8C6A /* [CP] Check Pods Manifest.lock */ = {
			isa = PBXShellScriptBuildPhase;
			buildActionMask = 2147483647;
			files = (
			);
			inputFileListPaths = (
			);
			inputPaths = (
				"${PODS_PODFILE_DIR_PATH}/Podfile.lock",
				"${PODS_ROOT}/Manifest.lock",
			);
			name = "[CP] Check Pods Manifest.lock";
			outputFileListPaths = (
			);
			outputPaths = (
				"$(DERIVED_FILE_DIR)/Pods-Summar SwiftUI-checkManifestLockResult.txt",
			);
			runOnlyForDeploymentPostprocessing = 0;
			shellPath = /bin/sh;
			shellScript = "diff \"${PODS_PODFILE_DIR_PATH}/Podfile.lock\" \"${PODS_ROOT}/Manifest.lock\" > /dev/null\nif [ $? != 0 ] ; then\n    # print error to STDERR\n    echo \"error: The sandbox is not in sync with the Podfile.lock. Run 'pod install' or update your CocoaPods installation.\" >&2\n    exit 1\nfi\n# This output is used by Xcode 'outputs' to avoid re-running this script phase.\necho \"SUCCESS\" > \"${SCRIPT_OUTPUT_FILE_0}\"\n";
			showEnvVarsInLog = 0;
		};
/* End PBXShellScriptBuildPhase section */

/* Begin PBXSourcesBuildPhase section */
		A26159F029223B26003A8CF8 /* Sources */ = {
			isa = PBXSourcesBuildPhase;
			buildActionMask = 2147483647;
			files = (
				A26159FA29223B26003A8CF8 /* SocailLoginView.swift in Sources */,
				A2A715092923D31E00E90077 /* KakaoLoginManager.swift in Sources */,
				A2A7150B2923D32800E90077 /* NaverLoginManager.swift in Sources */,
				A2A715052923D28B00E90077 /* AppleLoginManager.swift in Sources */,
				A2A715072923D31400E90077 /* GoogleLoginManager.swift in Sources */,
				A284CB862923C01100576FC8 /* SocialLoginViewModel.swift in Sources */,
				A26159F829223B26003A8CF8 /* Summar_SwiftUIApp.swift in Sources */,
				A2615A06292274FE003A8CF8 /* Helper.swift in Sources */,
			);
			runOnlyForDeploymentPostprocessing = 0;
		};
/* End PBXSourcesBuildPhase section */

/* Begin XCBuildConfiguration section */
		A2615A0029223B28003A8CF8 /* Debug */ = {
			isa = XCBuildConfiguration;
			buildSettings = {
				ALWAYS_SEARCH_USER_PATHS = NO;
				CLANG_ANALYZER_NONNULL = YES;
				CLANG_ANALYZER_NUMBER_OBJECT_CONVERSION = YES_AGGRESSIVE;
				CLANG_CXX_LANGUAGE_STANDARD = "gnu++20";
				CLANG_ENABLE_MODULES = YES;
				CLANG_ENABLE_OBJC_ARC = YES;
				CLANG_ENABLE_OBJC_WEAK = YES;
				CLANG_WARN_BLOCK_CAPTURE_AUTORELEASING = YES;
				CLANG_WARN_BOOL_CONVERSION = YES;
				CLANG_WARN_COMMA = YES;
				CLANG_WARN_CONSTANT_CONVERSION = YES;
				CLANG_WARN_DEPRECATED_OBJC_IMPLEMENTATIONS = YES;
				CLANG_WARN_DIRECT_OBJC_ISA_USAGE = YES_ERROR;
				CLANG_WARN_DOCUMENTATION_COMMENTS = YES;
				CLANG_WARN_EMPTY_BODY = YES;
				CLANG_WARN_ENUM_CONVERSION = YES;
				CLANG_WARN_INFINITE_RECURSION = YES;
				CLANG_WARN_INT_CONVERSION = YES;
				CLANG_WARN_NON_LITERAL_NULL_CONVERSION = YES;
				CLANG_WARN_OBJC_IMPLICIT_RETAIN_SELF = YES;
				CLANG_WARN_OBJC_LITERAL_CONVERSION = YES;
				CLANG_WARN_OBJC_ROOT_CLASS = YES_ERROR;
				CLANG_WARN_QUOTED_INCLUDE_IN_FRAMEWORK_HEADER = YES;
				CLANG_WARN_RANGE_LOOP_ANALYSIS = YES;
				CLANG_WARN_STRICT_PROTOTYPES = YES;
				CLANG_WARN_SUSPICIOUS_MOVE = YES;
				CLANG_WARN_UNGUARDED_AVAILABILITY = YES_AGGRESSIVE;
				CLANG_WARN_UNREACHABLE_CODE = YES;
				CLANG_WARN__DUPLICATE_METHOD_MATCH = YES;
				COPY_PHASE_STRIP = NO;
				DEBUG_INFORMATION_FORMAT = dwarf;
				ENABLE_STRICT_OBJC_MSGSEND = YES;
				ENABLE_TESTABILITY = YES;
				GCC_C_LANGUAGE_STANDARD = gnu11;
				GCC_DYNAMIC_NO_PIC = NO;
				GCC_NO_COMMON_BLOCKS = YES;
				GCC_OPTIMIZATION_LEVEL = 0;
				GCC_PREPROCESSOR_DEFINITIONS = (
					"DEBUG=1",
					"$(inherited)",
				);
				GCC_WARN_64_TO_32_BIT_CONVERSION = YES;
				GCC_WARN_ABOUT_RETURN_TYPE = YES_ERROR;
				GCC_WARN_UNDECLARED_SELECTOR = YES;
				GCC_WARN_UNINITIALIZED_AUTOS = YES_AGGRESSIVE;
				GCC_WARN_UNUSED_FUNCTION = YES;
				GCC_WARN_UNUSED_VARIABLE = YES;
				IPHONEOS_DEPLOYMENT_TARGET = 16.0;
				MTL_ENABLE_DEBUG_INFO = INCLUDE_SOURCE;
				MTL_FAST_MATH = YES;
				ONLY_ACTIVE_ARCH = YES;
				SDKROOT = iphoneos;
				SWIFT_ACTIVE_COMPILATION_CONDITIONS = DEBUG;
				SWIFT_OPTIMIZATION_LEVEL = "-Onone";
			};
			name = Debug;
		};
		A2615A0129223B28003A8CF8 /* Release */ = {
			isa = XCBuildConfiguration;
			buildSettings = {
				ALWAYS_SEARCH_USER_PATHS = NO;
				CLANG_ANALYZER_NONNULL = YES;
				CLANG_ANALYZER_NUMBER_OBJECT_CONVERSION = YES_AGGRESSIVE;
				CLANG_CXX_LANGUAGE_STANDARD = "gnu++20";
				CLANG_ENABLE_MODULES = YES;
				CLANG_ENABLE_OBJC_ARC = YES;
				CLANG_ENABLE_OBJC_WEAK = YES;
				CLANG_WARN_BLOCK_CAPTURE_AUTORELEASING = YES;
				CLANG_WARN_BOOL_CONVERSION = YES;
				CLANG_WARN_COMMA = YES;
				CLANG_WARN_CONSTANT_CONVERSION = YES;
				CLANG_WARN_DEPRECATED_OBJC_IMPLEMENTATIONS = YES;
				CLANG_WARN_DIRECT_OBJC_ISA_USAGE = YES_ERROR;
				CLANG_WARN_DOCUMENTATION_COMMENTS = YES;
				CLANG_WARN_EMPTY_BODY = YES;
				CLANG_WARN_ENUM_CONVERSION = YES;
				CLANG_WARN_INFINITE_RECURSION = YES;
				CLANG_WARN_INT_CONVERSION = YES;
				CLANG_WARN_NON_LITERAL_NULL_CONVERSION = YES;
				CLANG_WARN_OBJC_IMPLICIT_RETAIN_SELF = YES;
				CLANG_WARN_OBJC_LITERAL_CONVERSION = YES;
				CLANG_WARN_OBJC_ROOT_CLASS = YES_ERROR;
				CLANG_WARN_QUOTED_INCLUDE_IN_FRAMEWORK_HEADER = YES;
				CLANG_WARN_RANGE_LOOP_ANALYSIS = YES;
				CLANG_WARN_STRICT_PROTOTYPES = YES;
				CLANG_WARN_SUSPICIOUS_MOVE = YES;
				CLANG_WARN_UNGUARDED_AVAILABILITY = YES_AGGRESSIVE;
				CLANG_WARN_UNREACHABLE_CODE = YES;
				CLANG_WARN__DUPLICATE_METHOD_MATCH = YES;
				COPY_PHASE_STRIP = NO;
				DEBUG_INFORMATION_FORMAT = "dwarf-with-dsym";
				ENABLE_NS_ASSERTIONS = NO;
				ENABLE_STRICT_OBJC_MSGSEND = YES;
				GCC_C_LANGUAGE_STANDARD = gnu11;
				GCC_NO_COMMON_BLOCKS = YES;
				GCC_WARN_64_TO_32_BIT_CONVERSION = YES;
				GCC_WARN_ABOUT_RETURN_TYPE = YES_ERROR;
				GCC_WARN_UNDECLARED_SELECTOR = YES;
				GCC_WARN_UNINITIALIZED_AUTOS = YES_AGGRESSIVE;
				GCC_WARN_UNUSED_FUNCTION = YES;
				GCC_WARN_UNUSED_VARIABLE = YES;
				IPHONEOS_DEPLOYMENT_TARGET = 16.0;
				MTL_ENABLE_DEBUG_INFO = NO;
				MTL_FAST_MATH = YES;
				SDKROOT = iphoneos;
				SWIFT_COMPILATION_MODE = wholemodule;
				SWIFT_OPTIMIZATION_LEVEL = "-O";
				VALIDATE_PRODUCT = YES;
			};
			name = Release;
		};
		A2615A0329223B28003A8CF8 /* Debug */ = {
			isa = XCBuildConfiguration;
			baseConfigurationReference = FBB3CDDBA9FCCAC4BDFB0F61 /* Pods-Summar SwiftUI.debug.xcconfig */;
			buildSettings = {
				ASSETCATALOG_COMPILER_APPICON_NAME = AppIcon;
				ASSETCATALOG_COMPILER_GLOBAL_ACCENT_COLOR_NAME = AccentColor;
				CODE_SIGN_STYLE = Automatic;
				CURRENT_PROJECT_VERSION = 1;
				DEVELOPMENT_ASSET_PATHS = "\"Summar SwiftUI/Preview Content\"";
				DEVELOPMENT_TEAM = 2D8WKJP7C4;
				ENABLE_PREVIEWS = YES;
				GENERATE_INFOPLIST_FILE = YES;
				INFOPLIST_KEY_UIApplicationSceneManifest_Generation = YES;
				INFOPLIST_KEY_UIApplicationSupportsIndirectInputEvents = YES;
				INFOPLIST_KEY_UILaunchScreen_Generation = YES;
				INFOPLIST_KEY_UISupportedInterfaceOrientations_iPad = "UIInterfaceOrientationPortrait UIInterfaceOrientationPortraitUpsideDown UIInterfaceOrientationLandscapeLeft UIInterfaceOrientationLandscapeRight";
				INFOPLIST_KEY_UISupportedInterfaceOrientations_iPhone = "UIInterfaceOrientationPortrait UIInterfaceOrientationLandscapeLeft UIInterfaceOrientationLandscapeRight";
				IPHONEOS_DEPLOYMENT_TARGET = 14.0;
				LD_RUNPATH_SEARCH_PATHS = (
					"$(inherited)",
					"@executable_path/Frameworks",
				);
				MARKETING_VERSION = 1.0;
				PRODUCT_BUNDLE_IDENTIFIER = "kr.ios.Summar-SwiftUI";
				PRODUCT_NAME = "$(TARGET_NAME)";
				SWIFT_EMIT_LOC_STRINGS = YES;
				SWIFT_VERSION = 5.0;
				TARGETED_DEVICE_FAMILY = "1,2";
			};
			name = Debug;
		};
		A2615A0429223B28003A8CF8 /* Release */ = {
			isa = XCBuildConfiguration;
			baseConfigurationReference = 674FD85D8716AECC71E35B1E /* Pods-Summar SwiftUI.release.xcconfig */;
			buildSettings = {
				ASSETCATALOG_COMPILER_APPICON_NAME = AppIcon;
				ASSETCATALOG_COMPILER_GLOBAL_ACCENT_COLOR_NAME = AccentColor;
				CODE_SIGN_STYLE = Automatic;
				CURRENT_PROJECT_VERSION = 1;
				DEVELOPMENT_ASSET_PATHS = "\"Summar SwiftUI/Preview Content\"";
				DEVELOPMENT_TEAM = 2D8WKJP7C4;
				ENABLE_PREVIEWS = YES;
				GENERATE_INFOPLIST_FILE = YES;
				INFOPLIST_KEY_UIApplicationSceneManifest_Generation = YES;
				INFOPLIST_KEY_UIApplicationSupportsIndirectInputEvents = YES;
				INFOPLIST_KEY_UILaunchScreen_Generation = YES;
				INFOPLIST_KEY_UISupportedInterfaceOrientations_iPad = "UIInterfaceOrientationPortrait UIInterfaceOrientationPortraitUpsideDown UIInterfaceOrientationLandscapeLeft UIInterfaceOrientationLandscapeRight";
				INFOPLIST_KEY_UISupportedInterfaceOrientations_iPhone = "UIInterfaceOrientationPortrait UIInterfaceOrientationLandscapeLeft UIInterfaceOrientationLandscapeRight";
				IPHONEOS_DEPLOYMENT_TARGET = 14.0;
				LD_RUNPATH_SEARCH_PATHS = (
					"$(inherited)",
					"@executable_path/Frameworks",
				);
				MARKETING_VERSION = 1.0;
				PRODUCT_BUNDLE_IDENTIFIER = "kr.ios.Summar-SwiftUI";
				PRODUCT_NAME = "$(TARGET_NAME)";
				SWIFT_EMIT_LOC_STRINGS = YES;
				SWIFT_VERSION = 5.0;
				TARGETED_DEVICE_FAMILY = "1,2";
			};
			name = Release;
		};
/* End XCBuildConfiguration section */

/* Begin XCConfigurationList section */
		A26159EF29223B26003A8CF8 /* Build configuration list for PBXProject "Summar SwiftUI" */ = {
			isa = XCConfigurationList;
			buildConfigurations = (
				A2615A0029223B28003A8CF8 /* Debug */,
				A2615A0129223B28003A8CF8 /* Release */,
			);
			defaultConfigurationIsVisible = 0;
			defaultConfigurationName = Release;
		};
		A2615A0229223B28003A8CF8 /* Build configuration list for PBXNativeTarget "Summar SwiftUI" */ = {
			isa = XCConfigurationList;
			buildConfigurations = (
				A2615A0329223B28003A8CF8 /* Debug */,
				A2615A0429223B28003A8CF8 /* Release */,
			);
			defaultConfigurationIsVisible = 0;
			defaultConfigurationName = Release;
		};
/* End XCConfigurationList section */
	};
	rootObject = A26159EC29223B26003A8CF8 /* Project object */;
}
